
Microsoft Visual Studio Solution File, Format Version 12.00
# Visual Studio Version 17
VisualStudioVersion = 17.0.31903.59
MinimumVisualStudioVersion = 10.0.40219.1
Project("{2150E333-8FDC-42A3-9474-1A3956D46DE8}") = "src", "src", "{827E0CD3-B72D-47B6-A68D-7590B98EB39B}"
EndProject
Project("{FAE04EC0-301F-11D3-BF4B-00C04F79EFBC}") = "NexusSentinel.Shared", "src\NexusSentinel.Shared\NexusSentinel.Shared.csproj", "{FFFB7FD8-A1E2-472F-82DE-F61C80FDCB19}"
EndProject
Project("{FAE04EC0-301F-11D3-BF4B-00C04F79EFBC}") = "NexusSentinel.IoTSimulator", "src\NexusSentinel.IoTSimulator\NexusSentinel.IoTSimulator.csproj", "{629528FE-466A-42AD-A850-D79272FC7FE6}"
EndProject
Project("{FAE04EC0-301F-11D3-BF4B-00C04F79EFBC}") = "NexusSentinel.Processor", "src\NexusSentinel.Processor\NexusSentinel.Processor.csproj", "{E9C31129-F0C6-45B6-B814-579A6F3A3C1B}"
EndProject
Project("{FAE04EC0-301F-11D3-BF4B-00C04F79EFBC}") = "NexusSentinel.Dashboard", "src\NexusSentinel.Dashboard\NexusSentinel.Dashboard.csproj", "{BB242F41-412A-4C5A-84AC-7C2C770F3E7F}"
EndProject
Project("{FAE04EC0-301F-11D3-BF4B-00C04F79EFBC}") = "NexusSentinel.Notification", "src\NexusSentinel.Notification\NexusSentinel.Notification.csproj", "{B108E574-3061-4C9C-A10B-764115D29D20}"
EndProject
Project("{FAE04EC0-301F-11D3-BF4B-00C04F79EFBC}") = "NexusSentinel.Watchtower", "src\NexusSentinel.Watchtower\NexusSentinel.Watchtower.csproj", "{0A2DCE7C-B6C6-4E80-96C8-4E9FBA7BD0BB}"
EndProject
Global
	GlobalSection(SolutionConfigurationPlatforms) = preSolution
		Debug|Any CPU = Debug|Any CPU
		Debug|x64 = Debug|x64
		Debug|x86 = Debug|x86
		Release|Any CPU = Release|Any CPU
		Release|x64 = Release|x64
		Release|x86 = Release|x86
	EndGlobalSection
	GlobalSection(ProjectConfigurationPlatforms) = postSolution
		{FFFB7FD8-A1E2-472F-82DE-F61C80FDCB19}.Debug|Any CPU.ActiveCfg = Debug|Any CPU
		{FFFB7FD8-A1E2-472F-82DE-F61C80FDCB19}.Debug|Any CPU.Build.0 = Debug|Any CPU
		{FFFB7FD8-A1E2-472F-82DE-F61C80FDCB19}.Debug|x64.ActiveCfg = Debug|Any CPU
		{FFFB7FD8-A1E2-472F-82DE-F61C80FDCB19}.Debug|x64.Build.0 = Debug|Any CPU
		{FFFB7FD8-A1E2-472F-82DE-F61C80FDCB19}.Debug|x86.ActiveCfg = Debug|Any CPU
		{FFFB7FD8-A1E2-472F-82DE-F61C80FDCB19}.Debug|x86.Build.0 = Debug|Any CPU
		{FFFB7FD8-A1E2-472F-82DE-F61C80FDCB19}.Release|Any CPU.ActiveCfg = Release|Any CPU
		{FFFB7FD8-A1E2-472F-82DE-F61C80FDCB19}.Release|Any CPU.Build.0 = Release|Any CPU
		{FFFB7FD8-A1E2-472F-82DE-F61C80FDCB19}.Release|x64.ActiveCfg = Release|Any CPU
		{FFFB7FD8-A1E2-472F-82DE-F61C80FDCB19}.Release|x64.Build.0 = Release|Any CPU
		{FFFB7FD8-A1E2-472F-82DE-F61C80FDCB19}.Release|x86.ActiveCfg = Release|Any CPU
		{FFFB7FD8-A1E2-472F-82DE-F61C80FDCB19}.Release|x86.Build.0 = Release|Any CPU
		{629528FE-466A-42AD-A850-D79272FC7FE6}.Debug|Any CPU.ActiveCfg = Debug|Any CPU
		{629528FE-466A-42AD-A850-D79272FC7FE6}.Debug|Any CPU.Build.0 = Debug|Any CPU
		{629528FE-466A-42AD-A850-D79272FC7FE6}.Debug|x64.ActiveCfg = Debug|Any CPU
		{629528FE-466A-42AD-A850-D79272FC7FE6}.Debug|x64.Build.0 = Debug|Any CPU
		{629528FE-466A-42AD-A850-D79272FC7FE6}.Debug|x86.ActiveCfg = Debug|Any CPU
		{629528FE-466A-42AD-A850-D79272FC7FE6}.Debug|x86.Build.0 = Debug|Any CPU
		{629528FE-466A-42AD-A850-D79272FC7FE6}.Release|Any CPU.ActiveCfg = Release|Any CPU
		{629528FE-466A-42AD-A850-D79272FC7FE6}.Release|Any CPU.Build.0 = Release|Any CPU
		{629528FE-466A-42AD-A850-D79272FC7FE6}.Release|x64.ActiveCfg = Release|Any CPU
		{629528FE-466A-42AD-A850-D79272FC7FE6}.Release|x64.Build.0 = Release|Any CPU
		{629528FE-466A-42AD-A850-D79272FC7FE6}.Release|x86.ActiveCfg = Release|Any CPU
		{629528FE-466A-42AD-A850-D79272FC7FE6}.Release|x86.Build.0 = Release|Any CPU
		{E9C31129-F0C6-45B6-B814-579A6F3A3C1B}.Debug|Any CPU.ActiveCfg = Debug|Any CPU
		{E9C31129-F0C6-45B6-B814-579A6F3A3C1B}.Debug|Any CPU.Build.0 = Debug|Any CPU
		{E9C31129-F0C6-45B6-B814-579A6F3A3C1B}.Debug|x64.ActiveCfg = Debug|Any CPU
		{E9C31129-F0C6-45B6-B814-579A6F3A3C1B}.Debug|x64.Build.0 = Debug|Any CPU
		{E9C31129-F0C6-45B6-B814-579A6F3A3C1B}.Debug|x86.ActiveCfg = Debug|Any CPU
		{E9C31129-F0C6-45B6-B814-579A6F3A3C1B}.Debug|x86.Build.0 = Debug|Any CPU
		{E9C31129-F0C6-45B6-B814-579A6F3A3C1B}.Release|Any CPU.ActiveCfg = Release|Any CPU
		{E9C31129-F0C6-45B6-B814-579A6F3A3C1B}.Release|Any CPU.Build.0 = Release|Any CPU
		{E9C31129-F0C6-45B6-B814-579A6F3A3C1B}.Release|x64.ActiveCfg = Release|Any CPU
		{E9C31129-F0C6-45B6-B814-579A6F3A3C1B}.Release|x64.Build.0 = Release|Any CPU
		{E9C31129-F0C6-45B6-B814-579A6F3A3C1B}.Release|x86.ActiveCfg = Release|Any CPU
		{E9C31129-F0C6-45B6-B814-579A6F3A3C1B}.Release|x86.Build.0 = Release|Any CPU
		{BB242F41-412A-4C5A-84AC-7C2C770F3E7F}.Debug|Any CPU.ActiveCfg = Debug|Any CPU
		{BB242F41-412A-4C5A-84AC-7C2C770F3E7F}.Debug|Any CPU.Build.0 = Debug|Any CPU
		{BB242F41-412A-4C5A-84AC-7C2C770F3E7F}.Debug|x64.ActiveCfg = Debug|Any CPU
		{BB242F41-412A-4C5A-84AC-7C2C770F3E7F}.Debug|x64.Build.0 = Debug|Any CPU
		{BB242F41-412A-4C5A-84AC-7C2C770F3E7F}.Debug|x86.ActiveCfg = Debug|Any CPU
		{BB242F41-412A-4C5A-84AC-7C2C770F3E7F}.Debug|x86.Build.0 = Debug|Any CPU
		{BB242F41-412A-4C5A-84AC-7C2C770F3E7F}.Release|Any CPU.ActiveCfg = Release|Any CPU
		{BB242F41-412A-4C5A-84AC-7C2C770F3E7F}.Release|Any CPU.Build.0 = Release|Any CPU
		{BB242F41-412A-4C5A-84AC-7C2C770F3E7F}.Release|x64.ActiveCfg = Release|Any CPU
		{BB242F41-412A-4C5A-84AC-7C2C770F3E7F}.Release|x64.Build.0 = Release|Any CPU
		{BB242F41-412A-4C5A-84AC-7C2C770F3E7F}.Release|x86.ActiveCfg = Release|Any CPU
		{BB242F41-412A-4C5A-84AC-7C2C770F3E7F}.Release|x86.Build.0 = Release|Any CPU
		{B108E574-3061-4C9C-A10B-764115D29D20}.Debug|Any CPU.ActiveCfg = Debug|Any CPU
		{B108E574-3061-4C9C-A10B-764115D29D20}.Debug|Any CPU.Build.0 = Debug|Any CPU
		{B108E574-3061-4C9C-A10B-764115D29D20}.Debug|x64.ActiveCfg = Debug|Any CPU
		{B108E574-3061-4C9C-A10B-764115D29D20}.Debug|x64.Build.0 = Debug|Any CPU
		{B108E574-3061-4C9C-A10B-764115D29D20}.Debug|x86.ActiveCfg = Debug|Any CPU
		{B108E574-3061-4C9C-A10B-764115D29D20}.Debug|x86.Build.0 = Debug|Any CPU
		{B108E574-3061-4C9C-A10B-764115D29D20}.Release|Any CPU.ActiveCfg = Release|Any CPU
		{B108E574-3061-4C9C-A10B-764115D29D20}.Release|Any CPU.Build.0 = Release|Any CPU
		{B108E574-3061-4C9C-A10B-764115D29D20}.Release|x64.ActiveCfg = Release|Any CPU
		{B108E574-3061-4C9C-A10B-764115D29D20}.Release|x64.Build.0 = Release|Any CPU
		{B108E574-3061-4C9C-A10B-764115D29D20}.Release|x86.ActiveCfg = Release|Any CPU
		{B108E574-3061-4C9C-A10B-764115D29D20}.Release|x86.Build.0 = Release|Any CPU
		{0A2DCE7C-B6C6-4E80-96C8-4E9FBA7BD0BB}.Debug|Any CPU.ActiveCfg = Debug|Any CPU
		{0A2DCE7C-B6C6-4E80-96C8-4E9FBA7BD0BB}.Debug|Any CPU.Build.0 = Debug|Any CPU
		{0A2DCE7C-B6C6-4E80-96C8-4E9FBA7BD0BB}.Debug|x64.ActiveCfg = Debug|Any CPU
		{0A2DCE7C-B6C6-4E80-96C8-4E9FBA7BD0BB}.Debug|x64.Build.0 = Debug|Any CPU
		{0A2DCE7C-B6C6-4E80-96C8-4E9FBA7BD0BB}.Debug|x86.ActiveCfg = Debug|Any CPU
		{0A2DCE7C-B6C6-4E80-96C8-4E9FBA7BD0BB}.Debug|x86.Build.0 = Debug|Any CPU
		{0A2DCE7C-B6C6-4E80-96C8-4E9FBA7BD0BB}.Release|Any CPU.ActiveCfg = Release|Any CPU
		{0A2DCE7C-B6C6-4E80-96C8-4E9FBA7BD0BB}.Release|Any CPU.Build.0 = Release|Any CPU
		{0A2DCE7C-B6C6-4E80-96C8-4E9FBA7BD0BB}.Release|x64.ActiveCfg = Release|Any CPU
		{0A2DCE7C-B6C6-4E80-96C8-4E9FBA7BD0BB}.Release|x64.Build.0 = Release|Any CPU
		{0A2DCE7C-B6C6-4E80-96C8-4E9FBA7BD0BB}.Release|x86.ActiveCfg = Release|Any CPU
		{0A2DCE7C-B6C6-4E80-96C8-4E9FBA7BD0BB}.Release|x86.Build.0 = Release|Any CPU
	EndGlobalSection
	GlobalSection(SolutionProperties) = preSolution
		HideSolutionNode = FALSE
	EndGlobalSection
	GlobalSection(NestedProjects) = preSolution
		{FFFB7FD8-A1E2-472F-82DE-F61C80FDCB19} = {827E0CD3-B72D-47B6-A68D-7590B98EB39B}
		{629528FE-466A-42AD-A850-D79272FC7FE6} = {827E0CD3-B72D-47B6-A68D-7590B98EB39B}
		{E9C31129-F0C6-45B6-B814-579A6F3A3C1B} = {827E0CD3-B72D-47B6-A68D-7590B98EB39B}
		{BB242F41-412A-4C5A-84AC-7C2C770F3E7F} = {827E0CD3-B72D-47B6-A68D-7590B98EB39B}
		{B108E574-3061-4C9C-A10B-764115D29D20} = {827E0CD3-B72D-47B6-A68D-7590B98EB39B}
		{0A2DCE7C-B6C6-4E80-96C8-4E9FBA7BD0BB} = {827E0CD3-B72D-47B6-A68D-7590B98EB39B}
	EndGlobalSection
EndGlobal
